// !$*UTF8*$!
{
	archiveVersion = 1;
	classes = {
	};
	objectVersion = 46;
	objects = {

/* Begin PBXBuildFile section */
		49095B211EB5665A002D49E0 /* AppDelegate.swift in Sources */ = {isa = PBXBuildFile; fileRef = 49095B201EB5665A002D49E0 /* AppDelegate.swift */; };
		49095B231EB5665A002D49E0 /* ViewController.swift in Sources */ = {isa = PBXBuildFile; fileRef = 49095B221EB5665A002D49E0 /* ViewController.swift */; };
		49095B261EB5665A002D49E0 /* Main.storyboard in Resources */ = {isa = PBXBuildFile; fileRef = 49095B241EB5665A002D49E0 /* Main.storyboard */; };
		49095B281EB5665A002D49E0 /* Assets.xcassets in Resources */ = {isa = PBXBuildFile; fileRef = 49095B271EB5665A002D49E0 /* Assets.xcassets */; };
		49095B2B1EB5665A002D49E0 /* LaunchScreen.storyboard in Resources */ = {isa = PBXBuildFile; fileRef = 49095B291EB5665A002D49E0 /* LaunchScreen.storyboard */; };
/* End PBXBuildFile section */

/* Begin PBXFileReference section */
		49095B1D1EB5665A002D49E0 /* Which Flag.app */ = {isa = PBXFileReference; explicitFileType = wrapper.application; includeInIndex = 0; path = "Which Flag.app"; sourceTree = BUILT_PRODUCTS_DIR; };
		49095B201EB5665A002D49E0 /* AppDelegate.swift */ = {isa = PBXFileReference; lastKnownFileType = sourcecode.swift; path = AppDelegate.swift; sourceTree = "<group>"; };
		49095B221EB5665A002D49E0 /* ViewController.swift */ = {isa = PBXFileReference; lastKnownFileType = sourcecode.swift; path = ViewController.swift; sourceTree = "<group>"; };
		49095B251EB5665A002D49E0 /* Base */ = {isa = PBXFileReference; lastKnownFileType = file.storyboard; name = Base; path = Base.lproj/Main.storyboard; sourceTree = "<group>"; };
		49095B271EB5665A002D49E0 /* Assets.xcassets */ = {isa = PBXFileReference; lastKnownFileType = folder.assetcatalog; path = Assets.xcassets; sourceTree = "<group>"; };
		49095B2A1EB5665A002D49E0 /* Base */ = {isa = PBXFileReference; lastKnownFileType = file.storyboard; name = Base; path = Base.lproj/LaunchScreen.storyboard; sourceTree = "<group>"; };
		49095B2C1EB5665A002D49E0 /* Info.plist */ = {isa = PBXFileReference; lastKnownFileType = text.plist.xml; path = Info.plist; sourceTree = "<group>"; };
/* End PBXFileReference section */

/* Begin PBXFrameworksBuildPhase section */
		49095B1A1EB5665A002D49E0 /* Frameworks */ = {
			isa = PBXFrameworksBuildPhase;
			buildActionMask = 2147483647;
			files = (
			);
			runOnlyForDeploymentPostprocessing = 0;
		};
/* End PBXFrameworksBuildPhase section */

/* Begin PBXGroup section */
		49095B141EB56659002D49E0 = {
			isa = PBXGroup;
			children = (
				49095B1F1EB5665A002D49E0 /* Which Flag */,
				49095B1E1EB5665A002D49E0 /* Products */,
			);
			sourceTree = "<group>";
		};
		49095B1E1EB5665A002D49E0 /* Products */ = {
			isa = PBXGroup;
			children = (
				49095B1D1EB5665A002D49E0 /* Which Flag.app */,
			);
			name = Products;
			sourceTree = "<group>";
		};
		49095B1F1EB5665A002D49E0 /* Which Flag */ = {
			isa = PBXGroup;
			children = (
				49095B201EB5665A002D49E0 /* AppDelegate.swift */,
				49095B221EB5665A002D49E0 /* ViewController.swift */,
				49095B241EB5665A002D49E0 /* Main.storyboard */,
				49095B271EB5665A002D49E0 /* Assets.xcassets */,
				49095B291EB5665A002D49E0 /* LaunchScreen.storyboard */,
				49095B2C1EB5665A002D49E0 /* Info.plist */,
			);
			path = "Which Flag";
			sourceTree = "<group>";
		};
/* End PBXGroup section */

/* Begin PBXNativeTarget section */
		49095B1C1EB5665A002D49E0 /* Which Flag */ = {
			isa = PBXNativeTarget;
			buildConfigurationList = 49095B2F1EB5665A002D49E0 /* Build configuration list for PBXNativeTarget "Which Flag" */;
			buildPhases = (
				49095B191EB5665A002D49E0 /* Sources */,
				49095B1A1EB5665A002D49E0 /* Frameworks */,
				49095B1B1EB5665A002D49E0 /* Resources */,
			);
			buildRules = (
			);
			dependencies = (
			);
			name = "Which Flag";
			productName = "Which Flag";
			productReference = 49095B1D1EB5665A002D49E0 /* Which Flag.app */;
			productType = "com.apple.product-type.application";
		};
/* End PBXNativeTarget section */

/* Begin PBXProject section */
		49095B151EB56659002D49E0 /* Project object */ = {
			isa = PBXProject;
			attributes = {
				LastSwiftUpdateCheck = 0820;
				LastUpgradeCheck = 0820;
				ORGANIZATIONNAME = ParanoidPenguinProductions;
				TargetAttributes = {
					49095B1C1EB5665A002D49E0 = {
						CreatedOnToolsVersion = 8.2.1;
						DevelopmentTeam = FV58CK5TAD;
						ProvisioningStyle = Automatic;
					};
				};
			};
			buildConfigurationList = 49095B181EB5665A002D49E0 /* Build configuration list for PBXProject "Which Flag" */;
			compatibilityVersion = "Xcode 3.2";
			developmentRegion = English;
			hasScannedForEncodings = 0;
			knownRegions = (
				en,
				Base,
			);
			mainGroup = 49095B141EB56659002D49E0;
			productRefGroup = 49095B1E1EB5665A002D49E0 /* Products */;
			projectDirPath = "";
			projectRoot = "";
			targets = (
				49095B1C1EB5665A002D49E0 /* Which Flag */,
			);
		};
/* End PBXProject section */

/* Begin PBXResourcesBuildPhase section */
		49095B1B1EB5665A002D49E0 /* Resources */ = {
			isa = PBXResourcesBuildPhase;
			buildActionMask = 2147483647;
			files = (
				49095B2B1EB5665A002D49E0 /* LaunchScreen.storyboard in Resources */,
				49095B281EB5665A002D49E0 /* Assets.xcassets in Resources */,
				49095B261EB5665A002D49E0 /* Main.storyboard in Resources */,
			);
			runOnlyForDeploymentPostprocessing = 0;
		};
/* End PBXResourcesBuildPhase section */

/* Begin PBXSourcesBuildPhase section */
		49095B191EB5665A002D49E0 /* Sources */ = {
			isa = PBXSourcesBuildPhase;
			buildActionMask = 2147483647;
			files = (
				49095B231EB5665A002D49E0 /* ViewController.swift in Sources */,
				49095B211EB5665A002D49E0 /* AppDelegate.swift in Sources */,
			);
			runOnlyForDeploymentPostprocessing = 0;
		};
/* End PBXSourcesBuildPhase section */

/* Begin PBXVariantGroup section */
		49095B241EB5665A002D49E0 /* Main.storyboard */ = {
			isa = PBXVariantGroup;
			children = (
				49095B251EB5665A002D49E0 /* Base */,
			);
			name = Main.storyboard;
			sourceTree = "<group>";
		};
		49095B291EB5665A002D49E0 /* LaunchScreen.storyboard */ = {
			isa = PBXVariantGroup;
			children = (
				49095B2A1EB5665A002D49E0 /* Base */,
			);
			name = LaunchScreen.storyboard;
			sourceTree = "<group>";
		};
/* End PBXVariantGroup section */

/* Begin XCBuildConfiguration section */
		49095B2D1EB5665A002D49E0 /* Debug */ = {
			isa = XCBuildConfiguration;
			buildSettings = {
				ALWAYS_SEARCH_USER_PATHS = NO;
				CLANG_ANALYZER_NONNULL = YES;
				CLANG_CXX_LANGUAGE_STANDARD = "gnu++0x";
				CLANG_CXX_LIBRARY = "libc++";
				CLANG_ENABLE_MODULES = YES;
				CLANG_ENABLE_OBJC_ARC = YES;
				CLANG_WARN_BOOL_CONVERSION = YES;
				CLANG_WARN_CONSTANT_CONVERSION = YES;
				CLANG_WARN_DIRECT_OBJC_ISA_USAGE = YES_ERROR;
				CLANG_WARN_DOCUMENTATION_COMMENTS = YES;
				CLANG_WARN_EMPTY_BODY = YES;
				CLANG_WARN_ENUM_CONVERSION = YES;
				CLANG_WARN_INFINITE_RECURSION = YES;
				CLANG_WARN_INT_CONVERSION = YES;
				CLANG_WARN_OBJC_ROOT_CLASS = YES_ERROR;
				CLANG_WARN_SUSPICIOUS_MOVE = YES;
				CLANG_WARN_UNREACHABLE_CODE = YES;
				CLANG_WARN__DUPLICATE_METHOD_MATCH = YES;
				"CODE_SIGN_IDENTITY[sdk=iphoneos*]" = "iPhone Developer";
				COPY_PHASE_STRIP = NO;
				DEBUG_INFORMATION_FORMAT = dwarf;
				ENABLE_STRICT_OBJC_MSGSEND = YES;
				ENABLE_TESTABILITY = YES;
				GCC_C_LANGUAGE_STANDARD = gnu99;
				GCC_DYNAMIC_NO_PIC = NO;
				GCC_NO_COMMON_BLOCKS = YES;
				GCC_OPTIMIZATION_LEVEL = 0;
				GCC_PREPROCESSOR_DEFINITIONS = (
					"DEBUG=1",
					"$(inherited)",
				);
				GCC_WARN_64_TO_32_BIT_CONVERSION = YES;
				GCC_WARN_ABOUT_RETURN_TYPE = YES_ERROR;
				GCC_WARN_UNDECLARED_SELECTOR = YES;
				GCC_WARN_UNINITIALIZED_AUTOS = YES_AGGRESSIVE;
				GCC_WARN_UNUSED_FUNCTION = YES;
				GCC_WARN_UNUSED_VARIABLE = YES;
				IPHONEOS_DEPLOYMENT_TARGET = 10.2;
				MTL_ENABLE_DEBUG_INFO = YES;
				ONLY_ACTIVE_ARCH = YES;
				SDKROOT = iphoneos;
				SWIFT_ACTIVE_COMPILATION_CONDITIONS = DEBUG;
				SWIFT_OPTIMIZATION_LEVEL = "-Onone";
			};
			name = Debug;
		};
		49095B2E1EB5665A002D49E0 /* Release */ = {
			isa = XCBuildConfiguration;
			buildSettings = {
				ALWAYS_SEARCH_USER_PATHS = NO;
				CLANG_ANALYZER_NONNULL = YES;
				CLANG_CXX_LANGUAGE_STANDARD = "gnu++0x";
				CLANG_CXX_LIBRARY = "libc++";
				CLANG_ENABLE_MODULES = YES;
				CLANG_ENABLE_OBJC_ARC = YES;
				CLANG_WARN_BOOL_CONVERSION = YES;
				CLANG_WARN_CONSTANT_CONVERSION = YES;
				CLANG_WARN_DIRECT_OBJC_ISA_USAGE = YES_ERROR;
				CLANG_WARN_DOCUMENTATION_COMMENTS = YES;
				CLANG_WARN_EMPTY_BODY = YES;
				CLANG_WARN_ENUM_CONVERSION = YES;
				CLANG_WARN_INFINITE_RECURSION = YES;
				CLANG_WARN_INT_CONVERSION = YES;
				CLANG_WARN_OBJC_ROOT_CLASS = YES_ERROR;
				CLANG_WARN_SUSPICIOUS_MOVE = YES;
				CLANG_WARN_UNREACHABLE_CODE = YES;
				CLANG_WARN__DUPLICATE_METHOD_MATCH = YES;
				"CODE_SIGN_IDENTITY[sdk=iphoneos*]" = "iPhone Developer";
				COPY_PHASE_STRIP = NO;
				DEBUG_INFORMATION_FORMAT = "dwarf-with-dsym";
				ENABLE_NS_ASSERTIONS = NO;
				ENABLE_STRICT_OBJC_MSGSEND = YES;
				GCC_C_LANGUAGE_STANDARD = gnu99;
				GCC_NO_COMMON_BLOCKS = YES;
				GCC_WARN_64_TO_32_BIT_CONVERSION = YES;
				GCC_WARN_ABOUT_RETURN_TYPE = YES_ERROR;
				GCC_WARN_UNDECLARED_SELECTOR = YES;
				GCC_WARN_UNINITIALIZED_AUTOS = YES_AGGRESSIVE;
				GCC_WARN_UNUSED_FUNCTION = YES;
				GCC_WARN_UNUSED_VARIABLE = YES;
				IPHONEOS_DEPLOYMENT_TARGET = 10.2;
				MTL_ENABLE_DEBUG_INFO = NO;
				SDKROOT = iphoneos;
				SWIFT_OPTIMIZATION_LEVEL = "-Owholemodule";
				VALIDATE_PRODUCT = YES;
			};
			name = Release;
		};
		49095B301EB5665A002D49E0 /* Debug */ = {
			isa = XCBuildConfiguration;
			buildSettings = {
				ASSETCATALOG_COMPILER_APPICON_NAME = AppIcon;
				DEVELOPMENT_TEAM = FV58CK5TAD;
				INFOPLIST_FILE = "Which Flag/Info.plist";
				LD_RUNPATH_SEARCH_PATHS = "$(inherited) @executable_path/Frameworks";
				PRODUCT_BUNDLE_IDENTIFIER = "com.ParanoidPenguinProductions.Which-Flag";
				PRODUCT_NAME = "$(TARGET_NAME)";
				SWIFT_VERSION = 3.0;
			};
			name = Debug;
		};
		49095B311EB5665A002D49E0 /* Release */ = {
			isa = XCBuildConfiguration;
			buildSettings = {
				ASSETCATALOG_COMPILER_APPICON_NAME = AppIcon;
				DEVELOPMENT_TEAM = FV58CK5TAD;
				INFOPLIST_FILE = "Which Flag/Info.plist";
				LD_RUNPATH_SEARCH_PATHS = "$(inherited) @executable_path/Frameworks";
				PRODUCT_BUNDLE_IDENTIFIER = "com.ParanoidPenguinProductions.Which-Flag";
				PRODUCT_NAME = "$(TARGET_NAME)";
				SWIFT_VERSION = 3.0;
			};
			name = Release;
		};
/* End XCBuildConfiguration section */

/* Begin XCConfigurationList section */
		49095B181EB5665A002D49E0 /* Build configuration list for PBXProject "Which Flag" */ = {
			isa = XCConfigurationList;
			buildConfigurations = (
				49095B2D1EB5665A002D49E0 /* Debug */,
				49095B2E1EB5665A002D49E0 /* Release */,
			);
			defaultConfigurationIsVisible = 0;
			defaultConfigurationName = Release;
		};
		49095B2F1EB5665A002D49E0 /* Build configuration list for PBXNativeTarget "Which Flag" */ = {
			isa = XCConfigurationList;
			buildConfigurations = (
				49095B301EB5665A002D49E0 /* Debug */,
				49095B311EB5665A002D49E0 /* Release */,
			);
			defaultConfigurationIsVisible = 0;
		};
/* End XCConfigurationList section */
	};
	rootObject = 49095B151EB56659002D49E0 /* Project object */;
}
